{
    "_readme": [
        "This file locks the dependencies of your project to a known state",
        "Read more about it at https://getcomposer.org/doc/01-basic-usage.md#installing-dependencies",
        "This file is @generated automatically"
    ],
    "content-hash": "be902aae4dd5eb0d24266a13ce501de7",
    "packages": [
        {
            "name": "mydnshost/mydnshost-php-api",
            "version": "0.5.1",
            "source": {
                "type": "git",
                "url": "https://github.com/mydnshost/mydnshost-php-api.git",
                "reference": "e4b45c936587f0fa5616f77901b52a93e0dd8453"
            },
            "dist": {
                "type": "zip",
                "url": "https://api.github.com/repos/mydnshost/mydnshost-php-api/zipball/e4b45c936587f0fa5616f77901b52a93e0dd8453",
                "reference": "e4b45c936587f0fa5616f77901b52a93e0dd8453",
                "shasum": ""
            },
            "require": {
                "php": ">=7.1",
                "rmccue/requests": "^1.7"
            },
            "type": "library",
            "autoload": {
                "psr-0": {
                    "": "src/"
                }
            },
            "notification-url": "https://packagist.org/downloads/",
            "license": [
                "MIT"
            ],
            "authors": [
                {
                    "name": "Shane Mc Cormack",
                    "email": "shanemcc@gmail.com",
                    "homepage": "http://www.dataforce.org.uk/"
                }
            ],
            "description": "PHP API for mydnshost.co.uk",
            "homepage": "https://github.com/mydnshost/mydnshost-php-api",
            "time": "2019-07-13T19:36:35+00:00"
        },
        {
            "name": "rmccue/requests",
            "version": "v1.7.0",
            "source": {
                "type": "git",
                "url": "https://github.com/rmccue/Requests.git",
                "reference": "87932f52ffad70504d93f04f15690cf16a089546"
            },
            "dist": {
                "type": "zip",
                "url": "https://api.github.com/repos/rmccue/Requests/zipball/87932f52ffad70504d93f04f15690cf16a089546",
                "reference": "87932f52ffad70504d93f04f15690cf16a089546",
                "shasum": ""
            },
            "require": {
                "php": ">=5.2"
            },
            "require-dev": {
                "requests/test-server": "dev-master"
            },
            "type": "library",
            "autoload": {
                "psr-0": {
                    "Requests": "library/"
                }
            },
            "notification-url": "https://packagist.org/downloads/",
            "license": [
                "ISC"
            ],
            "authors": [
                {
                    "name": "Ryan McCue",
                    "homepage": "http://ryanmccue.info"
                }
            ],
            "description": "A HTTP library written in PHP, for human beings.",
            "homepage": "http://github.com/rmccue/Requests",
            "keywords": [
                "curl",
                "fsockopen",
                "http",
                "idna",
                "ipv6",
                "iri",
                "sockets"
            ],
            "time": "2016-10-13T00:11:37+00:00"
        }
    ],
    "packages-dev": [],
    "aliases": [],
    "minimum-stability": "stable",
    "stability-flags": [],
    "prefer-stable": false,
    "prefer-lowest": false,
    "platform": [],
    "platform-dev": []
}
