{
    "_readme": [
        "This file locks the dependencies of your project to a known state",
        "Read more about it at https://getcomposer.org/doc/01-basic-usage.md#installing-dependencies",
        "This file is @generated automatically"
    ],
    "content-hash": "437ba6f13904c99f23fc9656b9f7d1ea",
    "packages": [
        {
            "name": "mydnshost/mydnshost-php-api",
            "version": "0.5.3",
            "source": {
                "type": "git",
                "url": "https://github.com/mydnshost/mydnshost-php-api.git",
                "reference": "392e17d6f921a1406f6d5f3706c9d03dabac9ec1"
            },
            "dist": {
                "type": "zip",
                "url": "https://api.github.com/repos/mydnshost/mydnshost-php-api/zipball/392e17d6f921a1406f6d5f3706c9d03dabac9ec1",
                "reference": "392e17d6f921a1406f6d5f3706c9d03dabac9ec1",
                "shasum": ""
            },
            "require": {
                "php": ">=7.1",
                "rmccue/requests": "^1.7"
            },
            "type": "library",
            "autoload": {
                "psr-0": {
                    "": "src/"
                }
            },
            "notification-url": "https://packagist.org/downloads/",
            "license": [
                "MIT"
            ],
            "authors": [
                {
                    "name": "Shane Mc Cormack",
                    "email": "shanemcc@gmail.com",
                    "homepage": "http://www.dataforce.org.uk/"
                }
            ],
            "description": "PHP API for mydnshost.co.uk",
            "homepage": "https://github.com/mydnshost/mydnshost-php-api",
            "support": {
                "issues": "https://github.com/mydnshost/mydnshost-php-api/issues",
                "source": "https://github.com/mydnshost/mydnshost-php-api/tree/0.5.3"
            },
            "time": "2021-04-28T10:25:04+00:00"
        },
        {
            "name": "rmccue/requests",
            "version": "v1.8.0",
            "source": {
                "type": "git",
                "url": "https://github.com/WordPress/Requests.git",
                "reference": "afbe4790e4def03581c4a0963a1e8aa01f6030f1"
            },
            "dist": {
                "type": "zip",
                "url": "https://api.github.com/repos/WordPress/Requests/zipball/afbe4790e4def03581c4a0963a1e8aa01f6030f1",
                "reference": "afbe4790e4def03581c4a0963a1e8aa01f6030f1",
                "shasum": ""
            },
            "require": {
                "php": ">=5.2"
            },
            "require-dev": {
                "dealerdirect/phpcodesniffer-composer-installer": "^0.7",
                "php-parallel-lint/php-console-highlighter": "^0.5.0",
                "php-parallel-lint/php-parallel-lint": "^1.3",
                "phpcompatibility/php-compatibility": "^9.0",
                "phpunit/phpunit": "^4.8 || ^5.7 || ^6.5 || ^7.5",
                "requests/test-server": "dev-master",
                "squizlabs/php_codesniffer": "^3.5",
                "wp-coding-standards/wpcs": "^2.0"
            },
            "type": "library",
            "autoload": {
                "psr-0": {
                    "Requests": "library/"
                }
            },
            "notification-url": "https://packagist.org/downloads/",
            "license": [
                "ISC"
            ],
            "authors": [
                {
                    "name": "Ryan McCue",
                    "homepage": "http://ryanmccue.info"
                }
            ],
            "description": "A HTTP library written in PHP, for human beings.",
            "homepage": "http://github.com/WordPress/Requests",
            "keywords": [
                "curl",
                "fsockopen",
                "http",
                "idna",
                "ipv6",
                "iri",
                "sockets"
            ],
            "support": {
                "issues": "https://github.com/WordPress/Requests/issues",
                "source": "https://github.com/WordPress/Requests/tree/v1.8.0"
            },
            "time": "2021-04-27T11:05:25+00:00"
        }
    ],
    "packages-dev": [],
    "aliases": [],
    "minimum-stability": "stable",
    "stability-flags": [],
    "prefer-stable": false,
    "prefer-lowest": false,
    "platform": [],
    "platform-dev": [],
    "plugin-api-version": "2.0.0"
}
